
Microsoft Visual Studio Solution File, Format Version 12.00
# Visual Studio 2013
VisualStudioVersion = 12.0.21005.1
MinimumVisualStudioVersion = 10.0.40219.1
Project("{FAE04EC0-301F-11D3-BF4B-00C04F79EFBC}") = "Demo", "Demo\Demo.csproj", "{B0A8D0E7-8F46-43DB-839F-DACE0BC4E1B0}"
EndProject
Project("{2150E333-8FDC-42A3-9474-1A3956D46DE8}") = "View And Controller", "View And Controller", "{5DE48B53-5FAC-41C5-84D0-9BCC53FEBFA0}"
EndProject
Project("{2150E333-8FDC-42A3-9474-1A3956D46DE8}") = "Model", "Model", "{D4B18443-6793-4D61-97F2-D98C7D543196}"
EndProject
Project("{2150E333-8FDC-42A3-9474-1A3956D46DE8}") = "View Model", "View Model", "{18B541DE-7F42-479F-9E02-A01DAAF6AFB7}"
EndProject
Project("{2150E333-8FDC-42A3-9474-1A3956D46DE8}") = "Data Access Layer", "Data Access Layer", "{192394A9-DB8A-4777-B33E-CDF5BC932B7B}"
EndProject
Project("{FAE04EC0-301F-11D3-BF4B-00C04F79EFBC}") = "DataAccessLayer", "DataAccessLayer\DataAccessLayer.csproj", "{AD026099-E47B-48B8-B2A6-B5DA350915BC}"
EndProject
Project("{FAE04EC0-301F-11D3-BF4B-00C04F79EFBC}") = "BusinessLayer", "BusinessLayer\BusinessLayer.csproj", "{DC32C96E-0974-4D09-8650-CA770D44C999}"
EndProject
Project("{FAE04EC0-301F-11D3-BF4B-00C04F79EFBC}") = "BusinessEntities", "BusinessEntities\BusinessEntities.csproj", "{EFCB8918-51B5-4EA1-9CB6-24F5E26D6AAD}"
EndProject
Project("{FAE04EC0-301F-11D3-BF4B-00C04F79EFBC}") = "ViewModel", "ViewModel\ViewModel.csproj", "{D03E7680-D5B7-4AD2-AD13-2B56F278C57F}"
EndProject
Global
	GlobalSection(SolutionConfigurationPlatforms) = preSolution
		Debug|Any CPU = Debug|Any CPU
		Release|Any CPU = Release|Any CPU
	EndGlobalSection
	GlobalSection(ProjectConfigurationPlatforms) = postSolution
		{B0A8D0E7-8F46-43DB-839F-DACE0BC4E1B0}.Debug|Any CPU.ActiveCfg = Debug|Any CPU
		{B0A8D0E7-8F46-43DB-839F-DACE0BC4E1B0}.Debug|Any CPU.Build.0 = Debug|Any CPU
		{B0A8D0E7-8F46-43DB-839F-DACE0BC4E1B0}.Release|Any CPU.ActiveCfg = Release|Any CPU
		{B0A8D0E7-8F46-43DB-839F-DACE0BC4E1B0}.Release|Any CPU.Build.0 = Release|Any CPU
		{AD026099-E47B-48B8-B2A6-B5DA350915BC}.Debug|Any CPU.ActiveCfg = Debug|Any CPU
		{AD026099-E47B-48B8-B2A6-B5DA350915BC}.Debug|Any CPU.Build.0 = Debug|Any CPU
		{AD026099-E47B-48B8-B2A6-B5DA350915BC}.Release|Any CPU.ActiveCfg = Release|Any CPU
		{AD026099-E47B-48B8-B2A6-B5DA350915BC}.Release|Any CPU.Build.0 = Release|Any CPU
		{DC32C96E-0974-4D09-8650-CA770D44C999}.Debug|Any CPU.ActiveCfg = Debug|Any CPU
		{DC32C96E-0974-4D09-8650-CA770D44C999}.Debug|Any CPU.Build.0 = Debug|Any CPU
		{DC32C96E-0974-4D09-8650-CA770D44C999}.Release|Any CPU.ActiveCfg = Release|Any CPU
		{DC32C96E-0974-4D09-8650-CA770D44C999}.Release|Any CPU.Build.0 = Release|Any CPU
		{EFCB8918-51B5-4EA1-9CB6-24F5E26D6AAD}.Debug|Any CPU.ActiveCfg = Debug|Any CPU
		{EFCB8918-51B5-4EA1-9CB6-24F5E26D6AAD}.Debug|Any CPU.Build.0 = Debug|Any CPU
		{EFCB8918-51B5-4EA1-9CB6-24F5E26D6AAD}.Release|Any CPU.ActiveCfg = Release|Any CPU
		{EFCB8918-51B5-4EA1-9CB6-24F5E26D6AAD}.Release|Any CPU.Build.0 = Release|Any CPU
		{D03E7680-D5B7-4AD2-AD13-2B56F278C57F}.Debug|Any CPU.ActiveCfg = Debug|Any CPU
		{D03E7680-D5B7-4AD2-AD13-2B56F278C57F}.Debug|Any CPU.Build.0 = Debug|Any CPU
		{D03E7680-D5B7-4AD2-AD13-2B56F278C57F}.Release|Any CPU.ActiveCfg = Release|Any CPU
		{D03E7680-D5B7-4AD2-AD13-2B56F278C57F}.Release|Any CPU.Build.0 = Release|Any CPU
	EndGlobalSection
	GlobalSection(SolutionProperties) = preSolution
		HideSolutionNode = FALSE
	EndGlobalSection
	GlobalSection(NestedProjects) = preSolution
		{B0A8D0E7-8F46-43DB-839F-DACE0BC4E1B0} = {5DE48B53-5FAC-41C5-84D0-9BCC53FEBFA0}
		{DC32C96E-0974-4D09-8650-CA770D44C999} = {D4B18443-6793-4D61-97F2-D98C7D543196}
		{EFCB8918-51B5-4EA1-9CB6-24F5E26D6AAD} = {D4B18443-6793-4D61-97F2-D98C7D543196}
		{D03E7680-D5B7-4AD2-AD13-2B56F278C57F} = {18B541DE-7F42-479F-9E02-A01DAAF6AFB7}
		{AD026099-E47B-48B8-B2A6-B5DA350915BC} = {192394A9-DB8A-4777-B33E-CDF5BC932B7B}
	EndGlobalSection
EndGlobal
